lockfileVersion: 5.4

specifiers:
  typescript: ^4.7.4

devDependencies:
  typescript: registry.npmmirror.com/typescript/4.7.4

packages:

  registry.npmmirror.com/typescript/4.7.4:
    resolution: {integrity: sha512-C0WQT0gezHuw6AdY1M2jxUO83Rjf0HP7Sk1DtXj6j1EwkQNZrHAg2XPWlq62oqEhYvONq5pkC2Y9oPljWToLmQ==, registry: https://registry.npm.taobao.org/, tarball: https://registry.npmmirror.com/typescript/-/typescript-4.7.4.tgz}
    name: typescript
    version: 4.7.4
    engines: {node: '>=4.2.0'}
    hasBin: true
    dev: true
